
Microsoft Visual Studio Solution File, Format Version 12.00
# Visual Studio Version 17
VisualStudioVersion = 17.6.33723.286
MinimumVisualStudioVersion = 10.0.40219.1
Project("{9A19103F-16F7-4668-BE54-9A1E7A4F7556}") = "API", "API\API.csproj", "{4D5F98A6-9809-4795-97B4-86F0992D9769}"
EndProject
Project("{9A19103F-16F7-4668-BE54-9A1E7A4F7556}") = "BLL", "BLL\BLL.csproj", "{87223A0B-5CDB-45D9-A6B4-D698FBC8B1EC}"
EndProject
Project("{9A19103F-16F7-4668-BE54-9A1E7A4F7556}") = "DAL", "DAL\DAL.csproj", "{1B56C018-E454-45A3-A6CB-175D9EB42AC1}"
EndProject
Project("{9A19103F-16F7-4668-BE54-9A1E7A4F7556}") = "IOC", "IOC\IOC.csproj", "{5B55E94B-24D4-40B5-B8D2-58FFA794CA68}"
EndProject
Project("{9A19103F-16F7-4668-BE54-9A1E7A4F7556}") = "Entity", "Entity\Entity.csproj", "{8FDD4E24-55F4-47A4-83D9-4E1C379A675E}"
EndProject
Project("{FAE04EC0-301F-11D3-BF4B-00C04F79EFBC}") = "Excepcion", "Excepcion\Excepcion.csproj", "{2B6D628B-16B6-4B6D-83FF-3F52281EBCC5}"
EndProject
Global
	GlobalSection(SolutionConfigurationPlatforms) = preSolution
		Debug|Any CPU = Debug|Any CPU
		Release|Any CPU = Release|Any CPU
	EndGlobalSection
	GlobalSection(ProjectConfigurationPlatforms) = postSolution
		{4D5F98A6-9809-4795-97B4-86F0992D9769}.Debug|Any CPU.ActiveCfg = Debug|Any CPU
		{4D5F98A6-9809-4795-97B4-86F0992D9769}.Debug|Any CPU.Build.0 = Debug|Any CPU
		{4D5F98A6-9809-4795-97B4-86F0992D9769}.Release|Any CPU.ActiveCfg = Release|Any CPU
		{4D5F98A6-9809-4795-97B4-86F0992D9769}.Release|Any CPU.Build.0 = Release|Any CPU
		{87223A0B-5CDB-45D9-A6B4-D698FBC8B1EC}.Debug|Any CPU.ActiveCfg = Debug|Any CPU
		{87223A0B-5CDB-45D9-A6B4-D698FBC8B1EC}.Debug|Any CPU.Build.0 = Debug|Any CPU
		{87223A0B-5CDB-45D9-A6B4-D698FBC8B1EC}.Release|Any CPU.ActiveCfg = Release|Any CPU
		{87223A0B-5CDB-45D9-A6B4-D698FBC8B1EC}.Release|Any CPU.Build.0 = Release|Any CPU
		{1B56C018-E454-45A3-A6CB-175D9EB42AC1}.Debug|Any CPU.ActiveCfg = Debug|Any CPU
		{1B56C018-E454-45A3-A6CB-175D9EB42AC1}.Debug|Any CPU.Build.0 = Debug|Any CPU
		{1B56C018-E454-45A3-A6CB-175D9EB42AC1}.Release|Any CPU.ActiveCfg = Release|Any CPU
		{1B56C018-E454-45A3-A6CB-175D9EB42AC1}.Release|Any CPU.Build.0 = Release|Any CPU
		{5B55E94B-24D4-40B5-B8D2-58FFA794CA68}.Debug|Any CPU.ActiveCfg = Debug|Any CPU
		{5B55E94B-24D4-40B5-B8D2-58FFA794CA68}.Debug|Any CPU.Build.0 = Debug|Any CPU
		{5B55E94B-24D4-40B5-B8D2-58FFA794CA68}.Release|Any CPU.ActiveCfg = Release|Any CPU
		{5B55E94B-24D4-40B5-B8D2-58FFA794CA68}.Release|Any CPU.Build.0 = Release|Any CPU
		{8FDD4E24-55F4-47A4-83D9-4E1C379A675E}.Debug|Any CPU.ActiveCfg = Debug|Any CPU
		{8FDD4E24-55F4-47A4-83D9-4E1C379A675E}.Debug|Any CPU.Build.0 = Debug|Any CPU
		{8FDD4E24-55F4-47A4-83D9-4E1C379A675E}.Release|Any CPU.ActiveCfg = Release|Any CPU
		{8FDD4E24-55F4-47A4-83D9-4E1C379A675E}.Release|Any CPU.Build.0 = Release|Any CPU
		{2B6D628B-16B6-4B6D-83FF-3F52281EBCC5}.Debug|Any CPU.ActiveCfg = Debug|Any CPU
		{2B6D628B-16B6-4B6D-83FF-3F52281EBCC5}.Debug|Any CPU.Build.0 = Debug|Any CPU
		{2B6D628B-16B6-4B6D-83FF-3F52281EBCC5}.Release|Any CPU.ActiveCfg = Release|Any CPU
		{2B6D628B-16B6-4B6D-83FF-3F52281EBCC5}.Release|Any CPU.Build.0 = Release|Any CPU
	EndGlobalSection
	GlobalSection(SolutionProperties) = preSolution
		HideSolutionNode = FALSE
	EndGlobalSection
	GlobalSection(ExtensibilityGlobals) = postSolution
		SolutionGuid = {11B7BC8C-9402-49CC-AEC4-670622578E5A}
	EndGlobalSection
EndGlobal
